
Microsoft Visual Studio Solution File, Format Version 12.00
# Visual Studio 15
VisualStudioVersion = 15.0.26730.15
MinimumVisualStudioVersion = 10.0.40219.1
Project("{9A19103F-16F7-4668-BE54-9A1E7A4F7556}") = "ToastCore", "ToastCore\ToastCore.csproj", "{E7D039E7-12DD-4D4F-B93F-B5E24BE1FD0D}"
EndProject
Project("{FAE04EC0-301F-11D3-BF4B-00C04F79EFBC}") = "ToastCoreTest", "ToastCoreTest\ToastCoreTest.csproj", "{488B6822-5295-42E5-8BB9-4F4A4D5F7515}"
EndProject
Project("{FAE04EC0-301F-11D3-BF4B-00C04F79EFBC}") = "Backend", "Backend\Backend.csproj", "{05126590-FB99-49DC-A6C3-5AA22B504775}"
EndProject
Global
	GlobalSection(SolutionConfigurationPlatforms) = preSolution
		Debug|Any CPU = Debug|Any CPU
		Release|Any CPU = Release|Any CPU
	EndGlobalSection
	GlobalSection(ProjectConfigurationPlatforms) = postSolution
		{E7D039E7-12DD-4D4F-B93F-B5E24BE1FD0D}.Debug|Any CPU.ActiveCfg = Debug|Any CPU
		{E7D039E7-12DD-4D4F-B93F-B5E24BE1FD0D}.Debug|Any CPU.Build.0 = Debug|Any CPU
		{E7D039E7-12DD-4D4F-B93F-B5E24BE1FD0D}.Release|Any CPU.ActiveCfg = Release|Any CPU
		{E7D039E7-12DD-4D4F-B93F-B5E24BE1FD0D}.Release|Any CPU.Build.0 = Release|Any CPU
		{488B6822-5295-42E5-8BB9-4F4A4D5F7515}.Debug|Any CPU.ActiveCfg = Debug|Any CPU
		{488B6822-5295-42E5-8BB9-4F4A4D5F7515}.Debug|Any CPU.Build.0 = Debug|Any CPU
		{488B6822-5295-42E5-8BB9-4F4A4D5F7515}.Release|Any CPU.ActiveCfg = Release|Any CPU
		{488B6822-5295-42E5-8BB9-4F4A4D5F7515}.Release|Any CPU.Build.0 = Release|Any CPU
		{05126590-FB99-49DC-A6C3-5AA22B504775}.Debug|Any CPU.ActiveCfg = Debug|Any CPU
		{05126590-FB99-49DC-A6C3-5AA22B504775}.Debug|Any CPU.Build.0 = Debug|Any CPU
		{05126590-FB99-49DC-A6C3-5AA22B504775}.Release|Any CPU.ActiveCfg = Release|Any CPU
		{05126590-FB99-49DC-A6C3-5AA22B504775}.Release|Any CPU.Build.0 = Release|Any CPU
	EndGlobalSection
	GlobalSection(SolutionProperties) = preSolution
		HideSolutionNode = FALSE
	EndGlobalSection
	GlobalSection(ExtensibilityGlobals) = postSolution
		SolutionGuid = {5D896F72-80B2-414D-9D28-9BED5F6147A7}
	EndGlobalSection
EndGlobal
